
Microsoft Visual Studio Solution File, Format Version 12.00
# Visual Studio Version 16
VisualStudioVersion = 16.0.30907.101
MinimumVisualStudioVersion = 10.0.40219.1
Project("{FAE04EC0-301F-11D3-BF4B-00C04F79EFBC}") = "GameOfThrones", "GameOfThrones.csproj", "{83A32ADB-A349-45EE-8665-51F23C59F2F3}"
EndProject
Project("{FAE04EC0-301F-11D3-BF4B-00C04F79EFBC}") = "StringConstruction", "..\StringConstruction\StringConstruction.csproj", "{749440F6-212B-4659-8BAE-D733DF1783BB}"
EndProject
Global
	GlobalSection(SolutionConfigurationPlatforms) = preSolution
		Debug|Any CPU = Debug|Any CPU
		Release|Any CPU = Release|Any CPU
	EndGlobalSection
	GlobalSection(ProjectConfigurationPlatforms) = postSolution
		{83A32ADB-A349-45EE-8665-51F23C59F2F3}.Debug|Any CPU.ActiveCfg = Debug|Any CPU
		{83A32ADB-A349-45EE-8665-51F23C59F2F3}.Debug|Any CPU.Build.0 = Debug|Any CPU
		{83A32ADB-A349-45EE-8665-51F23C59F2F3}.Release|Any CPU.ActiveCfg = Release|Any CPU
		{83A32ADB-A349-45EE-8665-51F23C59F2F3}.Release|Any CPU.Build.0 = Release|Any CPU
		{749440F6-212B-4659-8BAE-D733DF1783BB}.Debug|Any CPU.ActiveCfg = Debug|Any CPU
		{749440F6-212B-4659-8BAE-D733DF1783BB}.Debug|Any CPU.Build.0 = Debug|Any CPU
		{749440F6-212B-4659-8BAE-D733DF1783BB}.Release|Any CPU.ActiveCfg = Release|Any CPU
		{749440F6-212B-4659-8BAE-D733DF1783BB}.Release|Any CPU.Build.0 = Release|Any CPU
	EndGlobalSection
	GlobalSection(SolutionProperties) = preSolution
		HideSolutionNode = FALSE
	EndGlobalSection
	GlobalSection(ExtensibilityGlobals) = postSolution
		SolutionGuid = {317DBD62-4A8B-44C3-A27B-B28AF6ADAC0D}
	EndGlobalSection
EndGlobal
